# This file is automatically @generated by Cargo.
# It is not intended for manual editing.
version = 4

[[package]]
name = "uniclip-core"
version = "0.1.0"

[[package]]
name = "uniclip-crypto"
version = "0.1.0"

[[package]]
name = "uniclip-daemon"
version = "0.1.0"
dependencies = [
 "uniclip-core",
 "uniclip-crypto",
 "uniclip-proto",
]

[[package]]
name = "uniclip-proto"
version = "0.1.0"
